# THIS IS AN AUTOGENERATED FILE. DO NOT EDIT THIS FILE DIRECTLY.
# yarn lockfile v1


bindings@~1.5.0:
  version "1.5.0"
  resolved "https://registry.yarnpkg.com/bindings/-/bindings-1.5.0.tgz#10353c9e945334bc0511a6d90b38fbc7c9c504df"
  integrity sha512-p2q/t/mhvuOj/UeLlV6566GD/guowlr0hHxClI0W9m7MWYkL1F0hLo+0Aexs9HSPCtR1SXQ0TD3MMKrXZajbiQ==
  dependencies:
    file-uri-to-path "1.0.0"

easymidi@^2.0.1:
  version "2.0.1"
  resolved "https://registry.yarnpkg.com/easymidi/-/easymidi-2.0.1.tgz#254ca6fce6b5a21e2692f3d9c077d719c436a38c"
  integrity sha512-M1tMX5/AI3zHb1phzINCLVWfivD2DP+fawMpSUdi69ElyTZ+E4EBeHlwaPMT01uWz8W9ncfvMIb4HP/LUWjBbg==
  dependencies:
    midi "^1.0.0"

file-uri-to-path@1.0.0:
  version "1.0.0"
  resolved "https://registry.yarnpkg.com/file-uri-to-path/-/file-uri-to-path-1.0.0.tgz#553a7b8446ff6f684359c445f1e37a05dacc33dd"
  integrity sha512-0Zt+s3L7Vf1biwWZ29aARiVYLx7iMGnEUl9x33fbB/j3jR81u/O2LbqK+Bm1CDSNDKVtJ/YjwY7TUd5SkeLQLw==

midi@^1.0.0:
  version "1.0.0"
  resolved "https://registry.yarnpkg.com/midi/-/midi-1.0.0.tgz#3949c5b055fb30d84adcc8e0975572f8373873e0"
  integrity sha512-BL2xedtLEy2ExJujuvQQNs5Gz1aXv7/wpq3KKZ7FmmTvVfR3eC+OgiwtC+4+9IinsXfQnTNSOBrG2PAjMHi0ZQ==
  dependencies:
    bindings "~1.5.0"
    nan "^2.3.3"

nan@^2.3.3:
  version "2.14.1"
  resolved "https://registry.yarnpkg.com/nan/-/nan-2.14.1.tgz#d7be34dfa3105b91494c3147089315eff8874b01"
  integrity sha512-isWHgVjnFjh2x2yuJ/tj3JbwoHu3UC2dX5G/88Cm24yB6YopVgxvBObDY7n5xW6ExmFhJpSEQqFPvq9zaXc8Jw==

note-parser@^2.0.1:
  version "2.0.1"
  resolved "https://registry.yarnpkg.com/note-parser/-/note-parser-2.0.1.tgz#2438fd57a46894b402b3a2071798660129c8fbc1"
  integrity sha1-JDj9V6RolLQCs6IHF5hmASnI+8E=

tonal-midi@^0.69.7:
  version "0.69.7"
  resolved "https://registry.yarnpkg.com/tonal-midi/-/tonal-midi-0.69.7.tgz#e754ec93f3dbdb28a6d39d42457c33ad245ffa47"
  integrity sha1-51Tsk/Pb2yim051CRXwzrSRf+kc=
  dependencies:
    note-parser "^2.0.1"
